
Microsoft Visual Studio Solution File, Format Version 11.00
# Visual Studio 2010
Project("{FAE04EC0-301F-11D3-BF4B-00C04F79EFBC}") = "athenahacks", "Assembly-CSharp.csproj", "{A250DFDB-99D0-4B2B-3D63-00AFC47C4B74}"
EndProject
Project("{FAE04EC0-301F-11D3-BF4B-00C04F79EFBC}") = "athenahacks", "Assembly-CSharp-Editor.csproj", "{42B8145D-0D51-9E39-8A26-1EA36EDC6389}"
EndProject
Global
	GlobalSection(SolutionConfigurationPlatforms) = preSolution
		Debug|Any CPU = Debug|Any CPU
		Release|Any CPU = Release|Any CPU
	EndGlobalSection
	GlobalSection(ProjectConfigurationPlatforms) = postSolution
		{A250DFDB-99D0-4B2B-3D63-00AFC47C4B74}.Debug|Any CPU.ActiveCfg = Debug|Any CPU
		{A250DFDB-99D0-4B2B-3D63-00AFC47C4B74}.Debug|Any CPU.Build.0 = Debug|Any CPU
		{A250DFDB-99D0-4B2B-3D63-00AFC47C4B74}.Release|Any CPU.ActiveCfg = Release|Any CPU
		{A250DFDB-99D0-4B2B-3D63-00AFC47C4B74}.Release|Any CPU.Build.0 = Release|Any CPU
		{42B8145D-0D51-9E39-8A26-1EA36EDC6389}.Debug|Any CPU.ActiveCfg = Debug|Any CPU
		{42B8145D-0D51-9E39-8A26-1EA36EDC6389}.Debug|Any CPU.Build.0 = Debug|Any CPU
		{42B8145D-0D51-9E39-8A26-1EA36EDC6389}.Release|Any CPU.ActiveCfg = Release|Any CPU
		{42B8145D-0D51-9E39-8A26-1EA36EDC6389}.Release|Any CPU.Build.0 = Release|Any CPU
	EndGlobalSection
	GlobalSection(SolutionProperties) = preSolution
		HideSolutionNode = FALSE
	EndGlobalSection
	GlobalSection(MonoDevelopProperties) = preSolution
		StartupItem = Assembly-CSharp.csproj
	EndGlobalSection
EndGlobal
